
Microsoft Visual Studio Solution File, Format Version 12.00
# Visual Studio Version 17
VisualStudioVersion = 17.9.34622.214
MinimumVisualStudioVersion = 10.0.40219.1
Project("{9A19103F-16F7-4668-BE54-9A1E7A4F7556}") = "RST_Invent", "RST_Invent\RST_Invent.csproj", "{6B3773F2-647C-4AE2-9949-CD44F427AF2C}"
EndProject
Project("{54435603-DBB4-11D2-8724-00A0C9A8B90C}") = "RST Installer", "SetupProject\SetupProject.vdproj", "{AE7E413C-AB19-43E0-8AC7-25FC3538B2E4}"
EndProject
Global
	GlobalSection(SolutionConfigurationPlatforms) = preSolution
		Debug|Any CPU = Debug|Any CPU
		Release|Any CPU = Release|Any CPU
	EndGlobalSection
	GlobalSection(ProjectConfigurationPlatforms) = postSolution
		{6B3773F2-647C-4AE2-9949-CD44F427AF2C}.Debug|Any CPU.ActiveCfg = Release|Any CPU
		{6B3773F2-647C-4AE2-9949-CD44F427AF2C}.Debug|Any CPU.Build.0 = Release|Any CPU
		{6B3773F2-647C-4AE2-9949-CD44F427AF2C}.Release|Any CPU.ActiveCfg = Release|Any CPU
		{6B3773F2-647C-4AE2-9949-CD44F427AF2C}.Release|Any CPU.Build.0 = Release|Any CPU
		{AE7E413C-AB19-43E0-8AC7-25FC3538B2E4}.Debug|Any CPU.ActiveCfg = Release
		{AE7E413C-AB19-43E0-8AC7-25FC3538B2E4}.Release|Any CPU.ActiveCfg = Release
	EndGlobalSection
	GlobalSection(SolutionProperties) = preSolution
		HideSolutionNode = FALSE
	EndGlobalSection
	GlobalSection(ExtensibilityGlobals) = postSolution
		SolutionGuid = {D13C29FC-7C07-464D-A086-C32BDEC276D8}
	EndGlobalSection
EndGlobal
